
Microsoft Visual Studio Solution File, Format Version 12.00
# Visual Studio Version 17
VisualStudioVersion = 17.2.32630.192
MinimumVisualStudioVersion = 10.0.40219.1
Project("{9A19103F-16F7-4668-BE54-9A1E7A4F7556}") = "todoAPI", "todoAPI\todoAPI.csproj", "{BD2079C8-3F6A-4BF1-ADDC-32BBD2477D05}"
EndProject
Global
	GlobalSection(SolutionConfigurationPlatforms) = preSolution
		Debug|Any CPU = Debug|Any CPU
		Release|Any CPU = Release|Any CPU
	EndGlobalSection
	GlobalSection(ProjectConfigurationPlatforms) = postSolution
		{BD2079C8-3F6A-4BF1-ADDC-32BBD2477D05}.Debug|Any CPU.ActiveCfg = Debug|Any CPU
		{BD2079C8-3F6A-4BF1-ADDC-32BBD2477D05}.Debug|Any CPU.Build.0 = Debug|Any CPU
		{BD2079C8-3F6A-4BF1-ADDC-32BBD2477D05}.Release|Any CPU.ActiveCfg = Release|Any CPU
		{BD2079C8-3F6A-4BF1-ADDC-32BBD2477D05}.Release|Any CPU.Build.0 = Release|Any CPU
	EndGlobalSection
	GlobalSection(SolutionProperties) = preSolution
		HideSolutionNode = FALSE
	EndGlobalSection
	GlobalSection(ExtensibilityGlobals) = postSolution
		SolutionGuid = {7850F37B-3EED-4C5B-BC59-402FCA4BFFCA}
	EndGlobalSection
EndGlobal
